schema: '2.0'
stages:
  data_cleaning:
    cmd: python src/data/data_cleaning.py
    deps:
    - path: data/raw/swiggy.csv
      hash: md5
      md5: 0b050b37dfe6cfbfaa18d7cb4e454377
      size: 7772212
    - path: src/data/data_cleaning.py
      hash: md5
      md5: 2162dc1c881b68da95f5cdc132108c3b
      size: 9521
    outs:
    - path: data/cleaned/swiggy_cleaned.csv
      hash: md5
      md5: 25d4d0b21083f3011eeae447572b3682
      size: 4508508
  data_preparation:
    cmd: python src/data/data_preparation.py
    deps:
    - path: data/cleaned/swiggy_cleaned.csv
      hash: md5
      md5: 25d4d0b21083f3011eeae447572b3682
      size: 4508508
    - path: src/data/data_preparation.py
      hash: md5
      md5: 545f6ce3b6ec2ffe1b3c33678dd19c07
      size: 3009
    params:
      params.yaml:
        Data_Preparation.random_state: 30
        Data_Preparation.test_size: 0.2
    outs:
    - path: data/interim/test.csv
      hash: md5
      md5: 7f271aeac1931c0696681da4426b27ca
      size: 901378
    - path: data/interim/train.csv
      hash: md5
      md5: 84138d08f073ee4019d73db72a161dd1
      size: 3604172
  data_preprocessing:
    cmd: python src/features/data_preprocessing.py
    deps:
    - path: data/interim/test.csv
      hash: md5
      md5: 7f271aeac1931c0696681da4426b27ca
      size: 901378
    - path: data/interim/train.csv
      hash: md5
      md5: 84138d08f073ee4019d73db72a161dd1
      size: 3604172
    - path: src/features/data_preprocessing.py
      hash: md5
      md5: 6a462f143bd9a1b599fa9a91a0f4ea37
      size: 6951
    outs:
    - path: data/processed/test_trans.csv
      hash: md5
      md5: ca5bf857ff921922fefd23b190af3011
      size: 1085435
    - path: data/processed/train_trans.csv
      hash: md5
      md5: d023d1ff50df5b726ff32694a96ad8bf
      size: 4333296
    - path: models/preprocessor.joblib
      hash: md5
      md5: b3ef56510863b731364764f607562264
      size: 8189
  train:
    cmd: python src/models/train.py
    deps:
    - path: data/processed/train_trans.csv
      hash: md5
      md5: d023d1ff50df5b726ff32694a96ad8bf
      size: 4333296
    - path: src/models/train.py
      hash: md5
      md5: 7e3fdfe8e1b25a08b4d2dad297d03c78
      size: 4912
    params:
      params.yaml:
        Train.LightGBM:
          n_estimators: 154
          max_depth: 27
          learning_rate: 0.22234435854395157
          subsample: 0.7592213724048168
          min_child_weight: 20
          min_split_gain: 0.004604680609280751
          reg_lambda: 97.81002379097947
          n_jobs: -1
        Train.Random_Forest:
          n_estimators: 479
          criterion: squared_error
          max_depth: 17
          max_features: 1
          min_samples_split: 9
          min_samples_leaf: 2
          max_samples: 0.6603673526197066
          verbose: 1
          n_jobs: -1
    outs:
    - path: models/model.joblib
      hash: md5
      md5: cb76ad466a318b8b3d9923ed5db958ed
      size: 158102280
    - path: models/power_transformer.joblib
      hash: md5
      md5: f164beb06edb6f7be1035f69f19d7eda
      size: 837
    - path: models/stacking_regressor.joblib
      hash: md5
      md5: 098ee29d21bd1bd639e6ee2f37d703f4
      size: 158090746
  evaluation:
    cmd: python src/models/evaluation.py
    deps:
    - path: data/processed/test_trans.csv
      hash: md5
      md5: ca5bf857ff921922fefd23b190af3011
      size: 1085435
    - path: data/processed/train_trans.csv
      hash: md5
      md5: d023d1ff50df5b726ff32694a96ad8bf
      size: 4333296
    - path: models/model.joblib
      hash: md5
      md5: cb76ad466a318b8b3d9923ed5db958ed
      size: 158102280
    - path: src/models/evaluation.py
      hash: md5
      md5: 9dce7fc95c1e648565ef58e7056979cc
      size: 6069
    outs:
    - path: run_information.json
      hash: md5
      md5: 3df84d7d35c180eef1a39b3cd2d80df3
      size: 220
  register_model:
    cmd: python src/models/register_model.py
    deps:
    - path: run_information.json
      hash: md5
      md5: 3df84d7d35c180eef1a39b3cd2d80df3
      size: 220
    - path: src/models/register_model.py
      hash: md5
      md5: 20f8baa8d24b414018a2d85ff044defd
      size: 2190
