schema: '2.0'
stages:
  data_cleaning:
    cmd: python src/data/data_cleaning.py
    deps:
    - path: data/raw/swiggy.csv
      hash: md5
      md5: 0b050b37dfe6cfbfaa18d7cb4e454377
      size: 7772212
    - path: src/data/data_cleaning.py
      hash: md5
      md5: 2162dc1c881b68da95f5cdc132108c3b
      size: 9521
    outs:
    - path: data/cleaned/swiggy_cleaned.csv
      hash: md5
      md5: 25d4d0b21083f3011eeae447572b3682
      size: 4508508
  data_preparation:
    cmd: python src/data/data_preparation.py
    deps:
    - path: data/cleaned/swiggy_cleaned.csv
      hash: md5
      md5: 25d4d0b21083f3011eeae447572b3682
      size: 4508508
    - path: src/data/data_preparation.py
      hash: md5
      md5: 545f6ce3b6ec2ffe1b3c33678dd19c07
      size: 3009
    params:
      params.yaml:
        Data_Preparation.random_state: 42
        Data_Preparation.test_size: 0.2
    outs:
    - path: data/interim/test.csv
      hash: md5
      md5: eae5bb702f142aaa10d423b1ffa23e55
      size: 901132
    - path: data/interim/train.csv
      hash: md5
      md5: a3f29a92d76990badf5d65aa6e14a9e7
      size: 3604418
  data_preprocessing:
    cmd: python src/features/data_preprocessing.py
    deps:
    - path: data/interim/test.csv
      hash: md5
      md5: eae5bb702f142aaa10d423b1ffa23e55
      size: 901132
    - path: data/interim/train.csv
      hash: md5
      md5: a3f29a92d76990badf5d65aa6e14a9e7
      size: 3604418
    - path: src/features/data_preprocessing.py
      hash: md5
      md5: 6a462f143bd9a1b599fa9a91a0f4ea37
      size: 6951
    outs:
    - path: data/processed/test_trans.csv
      hash: md5
      md5: ff72968d5d0bb7e56096bbc640be996d
      size: 1089307
    - path: data/processed/train_trans.csv
      hash: md5
      md5: f749e6ca3b356261bd8243c326500100
      size: 4329424
    - path: models/preprocessor.joblib
      hash: md5
      md5: 32ca3b53ce59fa956ab4bb6f8edb57b5
      size: 8189
