schema: '2.0'
stages:
  data_cleaning:
    cmd: python src/data/data_cleaning.py
    deps:
    - path: data/raw/swiggy.csv
      hash: md5
      md5: 0b050b37dfe6cfbfaa18d7cb4e454377
      size: 7772212
    - path: src/data/data_cleaning.py
      hash: md5
      md5: 2162dc1c881b68da95f5cdc132108c3b
      size: 9521
    outs:
    - path: data/cleaned/swiggy_cleaned.csv
      hash: md5
      md5: 25d4d0b21083f3011eeae447572b3682
      size: 4508508
  data_preparation:
    cmd: python src/data/data_preparation.py
    deps:
    - path: data/cleaned/swiggy_cleaned.csv
      hash: md5
      md5: 25d4d0b21083f3011eeae447572b3682
      size: 4508508
    - path: src/data/data_preparation.py
      hash: md5
      md5: 545f6ce3b6ec2ffe1b3c33678dd19c07
      size: 3009
    params:
      params.yaml:
        Data_Preparation.random_state: 1
        Data_Preparation.test_size: 0.2
    outs:
    - path: data/interim/test.csv
      hash: md5
      md5: 2a4a66ed588a4e611b15c396647b2639
      size: 901584
    - path: data/interim/train.csv
      hash: md5
      md5: c9f8c7dc62a0362b16398a8766d7d94e
      size: 3603966
  data_preprocessing:
    cmd: python src/features/data_preprocessing.py
    deps:
    - path: data/interim/test.csv
      hash: md5
      md5: 2a4a66ed588a4e611b15c396647b2639
      size: 901584
    - path: data/interim/train.csv
      hash: md5
      md5: c9f8c7dc62a0362b16398a8766d7d94e
      size: 3603966
    - path: src/features/data_preprocessing.py
      hash: md5
      md5: 6a462f143bd9a1b599fa9a91a0f4ea37
      size: 6951
    outs:
    - path: data/processed/test_trans.csv
      hash: md5
      md5: 8dc73cb9aa91b420b9cbccc2eade48ce
      size: 1090796
    - path: data/processed/train_trans.csv
      hash: md5
      md5: 75c747926da0a42ea80a14f8abe09e60
      size: 4327935
    - path: models/preprocessor.joblib
      hash: md5
      md5: 9869339e2bbeb7d4b277bf91df994f97
      size: 8189
  train:
    cmd: python src/models/train.py
    deps:
    - path: data/processed/train_trans.csv
      hash: md5
      md5: 75c747926da0a42ea80a14f8abe09e60
      size: 4327935
    - path: src/models/train.py
      hash: md5
      md5: 7e3fdfe8e1b25a08b4d2dad297d03c78
      size: 4912
    params:
      params.yaml:
        Train.LightGBM:
          n_estimators: 154
          max_depth: 27
          learning_rate: 0.22234435854395157
          subsample: 0.7592213724048168
          min_child_weight: 20
          min_split_gain: 0.004604680609280751
          reg_lambda: 97.81002379097947
          n_jobs: -1
        Train.Random_Forest:
          n_estimators: 479
          criterion: squared_error
          max_depth: 17
          max_features: 1
          min_samples_split: 9
          min_samples_leaf: 2
          max_samples: 0.6603673526197066
          verbose: 1
          n_jobs: -1
    outs:
    - path: models/model.joblib
      hash: md5
      md5: 19f969f987c2faed6ce36cdedf6929c8
      size: 156845544
    - path: models/power_transformer.joblib
      hash: md5
      md5: c781b737792ca4a3a6266ba9e949e245
      size: 837
    - path: models/stacking_regressor.joblib
      hash: md5
      md5: 311f565559dec21835b8fb6960ad4255
      size: 156834010
  evaluation:
    cmd: python src/models/evaluation.py
    deps:
    - path: data/processed/test_trans.csv
      hash: md5
      md5: 8dc73cb9aa91b420b9cbccc2eade48ce
      size: 1090796
    - path: data/processed/train_trans.csv
      hash: md5
      md5: 75c747926da0a42ea80a14f8abe09e60
      size: 4327935
    - path: models/model.joblib
      hash: md5
      md5: 19f969f987c2faed6ce36cdedf6929c8
      size: 156845544
    - path: src/models/evaluation.py
      hash: md5
      md5: 9dce7fc95c1e648565ef58e7056979cc
      size: 6069
    outs:
    - path: run_information.json
      hash: md5
      md5: 0157e5ef283333832f75ff5d2b421f9e
      size: 220
  register_model:
    cmd: python src/models/register_model.py
    deps:
    - path: run_information.json
      hash: md5
      md5: 0157e5ef283333832f75ff5d2b421f9e
      size: 220
    - path: src/models/register_model.py
      hash: md5
      md5: 20f8baa8d24b414018a2d85ff044defd
      size: 2190
